<Solution>
  <Configurations>
    <Platform Name="x64" />
    <Platform Name="x86" />
  </Configurations>
  <Project Path="KE05_AG01/KE05_AG01.vcxproj" />
  <Project Path="KE05_AG02/KE05_AG02.vcxproj" />
  <Project Path="KE05_AG03/KE05_AG03.vcxproj" />
  <Project Path="KE05_AG04/KE05_AG04.vcxproj" />
  <Project Path="KE05_AG05/KE05_AG05.vcxproj" />
  <Project Path="KE05_AG06/KE05_AG06.vcxproj" />
</Solution>
