<Solution>
  <Configurations>
    <Platform Name="x64" />
    <Platform Name="x86" />
  </Configurations>
  <Project Path="KE04_AG01/KE04_AG01.vcxproj" Id="1782e2ea-dc20-4924-ad50-bb00a5cf9528" />
  <Project Path="KE04_AG02/KE04_AG02.vcxproj" Id="ee78543a-7ecb-4664-b644-58ec4a26ec82" />
  <Project Path="KE04_AG03/KE04_AG03.vcxproj" Id="ffc959f1-5c99-4ad1-b0cf-76ea98f6ce12" />
  <Project Path="KE04_AG04/KE04_AG04.vcxproj" Id="385d4b3c-d313-4dde-9566-e3e5a052e61a" />
</Solution>
